# THIS IS AN AUTOGENERATED FILE. DO NOT EDIT THIS FILE DIRECTLY.
# yarn lockfile v1


three@^0.113.2:
  version "0.113.2"
  resolved "https://registry.yarnpkg.com/three/-/three-0.113.2.tgz#04791d491fe4359330f9dbe7b767db18bfb35d67"
  integrity sha512-x3vrKW41/UtbWbWduWKGlfIc043SvHWr3YltehYq+UGb9YglQ2oztNGvl2eut05JtNSmP11Mh3t6Xak5/0e+Fg==
